// !$*UTF8*$!
{
	archiveVersion = 1;
	classes = {
	};
	objectVersion = 46;
	objects = {

/* Begin PBXBuildFile section */
		841838941D8A9E3400F04E9E /* AppDelegate.swift in Sources */ = {isa = PBXBuildFile; fileRef = 841838931D8A9E3400F04E9E /* AppDelegate.swift */; };
		841838961D8A9E3400F04E9E /* ViewController.swift in Sources */ = {isa = PBXBuildFile; fileRef = 841838951D8A9E3400F04E9E /* ViewController.swift */; };
		841838991D8A9E3400F04E9E /* Main.storyboard in Resources */ = {isa = PBXBuildFile; fileRef = 841838971D8A9E3400F04E9E /* Main.storyboard */; };
		8418389B1D8A9E3400F04E9E /* Assets.xcassets in Resources */ = {isa = PBXBuildFile; fileRef = 8418389A1D8A9E3400F04E9E /* Assets.xcassets */; };
		8418389E1D8A9E3400F04E9E /* LaunchScreen.storyboard in Resources */ = {isa = PBXBuildFile; fileRef = 8418389C1D8A9E3400F04E9E /* LaunchScreen.storyboard */; };
/* End PBXBuildFile section */

/* Begin PBXFileReference section */
		841838901D8A9E3400F04E9E /* BaseSwift-tien.app */ = {isa = PBXFileReference; explicitFileType = wrapper.application; includeInIndex = 0; path = "BaseSwift-tien.app"; sourceTree = BUILT_PRODUCTS_DIR; };
		841838931D8A9E3400F04E9E /* AppDelegate.swift */ = {isa = PBXFileReference; lastKnownFileType = sourcecode.swift; path = AppDelegate.swift; sourceTree = "<group>"; };
		841838951D8A9E3400F04E9E /* ViewController.swift */ = {isa = PBXFileReference; lastKnownFileType = sourcecode.swift; path = ViewController.swift; sourceTree = "<group>"; };
		841838981D8A9E3400F04E9E /* Base */ = {isa = PBXFileReference; lastKnownFileType = file.storyboard; name = Base; path = Base.lproj/Main.storyboard; sourceTree = "<group>"; };
		8418389A1D8A9E3400F04E9E /* Assets.xcassets */ = {isa = PBXFileReference; lastKnownFileType = folder.assetcatalog; path = Assets.xcassets; sourceTree = "<group>"; };
		8418389D1D8A9E3400F04E9E /* Base */ = {isa = PBXFileReference; lastKnownFileType = file.storyboard; name = Base; path = Base.lproj/LaunchScreen.storyboard; sourceTree = "<group>"; };
		8418389F1D8A9E3400F04E9E /* Info.plist */ = {isa = PBXFileReference; lastKnownFileType = text.plist.xml; path = Info.plist; sourceTree = "<group>"; };
/* End PBXFileReference section */

/* Begin PBXFrameworksBuildPhase section */
		8418388D1D8A9E3400F04E9E /* Frameworks */ = {
			isa = PBXFrameworksBuildPhase;
			buildActionMask = 2147483647;
			files = (
			);
			runOnlyForDeploymentPostprocessing = 0;
		};
/* End PBXFrameworksBuildPhase section */

/* Begin PBXGroup section */
		841838871D8A9E3400F04E9E = {
			isa = PBXGroup;
			children = (
				841838921D8A9E3400F04E9E /* BaseSwift-tien */,
				841838911D8A9E3400F04E9E /* Products */,
			);
			sourceTree = "<group>";
		};
		841838911D8A9E3400F04E9E /* Products */ = {
			isa = PBXGroup;
			children = (
				841838901D8A9E3400F04E9E /* BaseSwift-tien.app */,
			);
			name = Products;
			sourceTree = "<group>";
		};
		841838921D8A9E3400F04E9E /* BaseSwift-tien */ = {
			isa = PBXGroup;
			children = (
				841838931D8A9E3400F04E9E /* AppDelegate.swift */,
				841838951D8A9E3400F04E9E /* ViewController.swift */,
				841838971D8A9E3400F04E9E /* Main.storyboard */,
				8418389A1D8A9E3400F04E9E /* Assets.xcassets */,
				8418389C1D8A9E3400F04E9E /* LaunchScreen.storyboard */,
				8418389F1D8A9E3400F04E9E /* Info.plist */,
			);
			path = "BaseSwift-tien";
			sourceTree = "<group>";
		};
/* End PBXGroup section */

/* Begin PBXNativeTarget section */
		8418388F1D8A9E3400F04E9E /* BaseSwift-tien */ = {
			isa = PBXNativeTarget;
			buildConfigurationList = 841838A21D8A9E3400F04E9E /* Build configuration list for PBXNativeTarget "BaseSwift-tien" */;
			buildPhases = (
				8418388C1D8A9E3400F04E9E /* Sources */,
				8418388D1D8A9E3400F04E9E /* Frameworks */,
				8418388E1D8A9E3400F04E9E /* Resources */,
			);
			buildRules = (
			);
			dependencies = (
			);
			name = "BaseSwift-tien";
			productName = "BaseSwift-tien";
			productReference = 841838901D8A9E3400F04E9E /* BaseSwift-tien.app */;
			productType = "com.apple.product-type.application";
		};
/* End PBXNativeTarget section */

/* Begin PBXProject section */
		841838881D8A9E3400F04E9E /* Project object */ = {
			isa = PBXProject;
			attributes = {
				LastSwiftUpdateCheck = 0730;
				LastUpgradeCheck = 0730;
				ORGANIZATIONNAME = tien;
				TargetAttributes = {
					8418388F1D8A9E3400F04E9E = {
						CreatedOnToolsVersion = 7.3.1;
					};
				};
			};
			buildConfigurationList = 8418388B1D8A9E3400F04E9E /* Build configuration list for PBXProject "BaseSwift-tien" */;
			compatibilityVersion = "Xcode 3.2";
			developmentRegion = English;
			hasScannedForEncodings = 0;
			knownRegions = (
				en,
				Base,
			);
			mainGroup = 841838871D8A9E3400F04E9E;
			productRefGroup = 841838911D8A9E3400F04E9E /* Products */;
			projectDirPath = "";
			projectRoot = "";
			targets = (
				8418388F1D8A9E3400F04E9E /* BaseSwift-tien */,
			);
		};
/* End PBXProject section */

/* Begin PBXResourcesBuildPhase section */
		8418388E1D8A9E3400F04E9E /* Resources */ = {
			isa = PBXResourcesBuildPhase;
			buildActionMask = 2147483647;
			files = (
				8418389E1D8A9E3400F04E9E /* LaunchScreen.storyboard in Resources */,
				8418389B1D8A9E3400F04E9E /* Assets.xcassets in Resources */,
				841838991D8A9E3400F04E9E /* Main.storyboard in Resources */,
			);
			runOnlyForDeploymentPostprocessing = 0;
		};
/* End PBXResourcesBuildPhase section */

/* Begin PBXSourcesBuildPhase section */
		8418388C1D8A9E3400F04E9E /* Sources */ = {
			isa = PBXSourcesBuildPhase;
			buildActionMask = 2147483647;
			files = (
				841838961D8A9E3400F04E9E /* ViewController.swift in Sources */,
				841838941D8A9E3400F04E9E /* AppDelegate.swift in Sources */,
			);
			runOnlyForDeploymentPostprocessing = 0;
		};
/* End PBXSourcesBuildPhase section */

/* Begin PBXVariantGroup section */
		841838971D8A9E3400F04E9E /* Main.storyboard */ = {
			isa = PBXVariantGroup;
			children = (
				841838981D8A9E3400F04E9E /* Base */,
			);
			name = Main.storyboard;
			sourceTree = "<group>";
		};
		8418389C1D8A9E3400F04E9E /* LaunchScreen.storyboard */ = {
			isa = PBXVariantGroup;
			children = (
				8418389D1D8A9E3400F04E9E /* Base */,
			);
			name = LaunchScreen.storyboard;
			sourceTree = "<group>";
		};
/* End PBXVariantGroup section */

/* Begin XCBuildConfiguration section */
		841838A01D8A9E3400F04E9E /* Debug */ = {
			isa = XCBuildConfiguration;
			buildSettings = {
				ALWAYS_SEARCH_USER_PATHS = NO;
				CLANG_ANALYZER_NONNULL = YES;
				CLANG_CXX_LANGUAGE_STANDARD = "gnu++0x";
				CLANG_CXX_LIBRARY = "libc++";
				CLANG_ENABLE_MODULES = YES;
				CLANG_ENABLE_OBJC_ARC = YES;
				CLANG_WARN_BOOL_CONVERSION = YES;
				CLANG_WARN_CONSTANT_CONVERSION = YES;
				CLANG_WARN_DIRECT_OBJC_ISA_USAGE = YES_ERROR;
				CLANG_WARN_EMPTY_BODY = YES;
				CLANG_WARN_ENUM_CONVERSION = YES;
				CLANG_WARN_INT_CONVERSION = YES;
				CLANG_WARN_OBJC_ROOT_CLASS = YES_ERROR;
				CLANG_WARN_UNREACHABLE_CODE = YES;
				CLANG_WARN__DUPLICATE_METHOD_MATCH = YES;
				"CODE_SIGN_IDENTITY[sdk=iphoneos*]" = "iPhone Developer";
				COPY_PHASE_STRIP = NO;
				DEBUG_INFORMATION_FORMAT = dwarf;
				ENABLE_STRICT_OBJC_MSGSEND = YES;
				ENABLE_TESTABILITY = YES;
				GCC_C_LANGUAGE_STANDARD = gnu99;
				GCC_DYNAMIC_NO_PIC = NO;
				GCC_NO_COMMON_BLOCKS = YES;
				GCC_OPTIMIZATION_LEVEL = 0;
				GCC_PREPROCESSOR_DEFINITIONS = (
					"DEBUG=1",
					"$(inherited)",
				);
				GCC_WARN_64_TO_32_BIT_CONVERSION = YES;
				GCC_WARN_ABOUT_RETURN_TYPE = YES_ERROR;
				GCC_WARN_UNDECLARED_SELECTOR = YES;
				GCC_WARN_UNINITIALIZED_AUTOS = YES_AGGRESSIVE;
				GCC_WARN_UNUSED_FUNCTION = YES;
				GCC_WARN_UNUSED_VARIABLE = YES;
				IPHONEOS_DEPLOYMENT_TARGET = 9.3;
				MTL_ENABLE_DEBUG_INFO = YES;
				ONLY_ACTIVE_ARCH = YES;
				SDKROOT = iphoneos;
				SWIFT_OPTIMIZATION_LEVEL = "-Onone";
			};
			name = Debug;
		};
		841838A11D8A9E3400F04E9E /* Release */ = {
			isa = XCBuildConfiguration;
			buildSettings = {
				ALWAYS_SEARCH_USER_PATHS = NO;
				CLANG_ANALYZER_NONNULL = YES;
				CLANG_CXX_LANGUAGE_STANDARD = "gnu++0x";
				CLANG_CXX_LIBRARY = "libc++";
				CLANG_ENABLE_MODULES = YES;
				CLANG_ENABLE_OBJC_ARC = YES;
				CLANG_WARN_BOOL_CONVERSION = YES;
				CLANG_WARN_CONSTANT_CONVERSION = YES;
				CLANG_WARN_DIRECT_OBJC_ISA_USAGE = YES_ERROR;
				CLANG_WARN_EMPTY_BODY = YES;
				CLANG_WARN_ENUM_CONVERSION = YES;
				CLANG_WARN_INT_CONVERSION = YES;
				CLANG_WARN_OBJC_ROOT_CLASS = YES_ERROR;
				CLANG_WARN_UNREACHABLE_CODE = YES;
				CLANG_WARN__DUPLICATE_METHOD_MATCH = YES;
				"CODE_SIGN_IDENTITY[sdk=iphoneos*]" = "iPhone Developer";
				COPY_PHASE_STRIP = NO;
				DEBUG_INFORMATION_FORMAT = "dwarf-with-dsym";
				ENABLE_NS_ASSERTIONS = NO;
				ENABLE_STRICT_OBJC_MSGSEND = YES;
				GCC_C_LANGUAGE_STANDARD = gnu99;
				GCC_NO_COMMON_BLOCKS = YES;
				GCC_WARN_64_TO_32_BIT_CONVERSION = YES;
				GCC_WARN_ABOUT_RETURN_TYPE = YES_ERROR;
				GCC_WARN_UNDECLARED_SELECTOR = YES;
				GCC_WARN_UNINITIALIZED_AUTOS = YES_AGGRESSIVE;
				GCC_WARN_UNUSED_FUNCTION = YES;
				GCC_WARN_UNUSED_VARIABLE = YES;
				IPHONEOS_DEPLOYMENT_TARGET = 9.3;
				MTL_ENABLE_DEBUG_INFO = NO;
				SDKROOT = iphoneos;
				VALIDATE_PRODUCT = YES;
			};
			name = Release;
		};
		841838A31D8A9E3400F04E9E /* Debug */ = {
			isa = XCBuildConfiguration;
			buildSettings = {
				ASSETCATALOG_COMPILER_APPICON_NAME = AppIcon;
				INFOPLIST_FILE = "BaseSwift-tien/Info.plist";
				LD_RUNPATH_SEARCH_PATHS = "$(inherited) @executable_path/Frameworks";
				PRODUCT_BUNDLE_IDENTIFIER = "tien.BaseSwift-tien";
				PRODUCT_NAME = "$(TARGET_NAME)";
			};
			name = Debug;
		};
		841838A41D8A9E3400F04E9E /* Release */ = {
			isa = XCBuildConfiguration;
			buildSettings = {
				ASSETCATALOG_COMPILER_APPICON_NAME = AppIcon;
				INFOPLIST_FILE = "BaseSwift-tien/Info.plist";
				LD_RUNPATH_SEARCH_PATHS = "$(inherited) @executable_path/Frameworks";
				PRODUCT_BUNDLE_IDENTIFIER = "tien.BaseSwift-tien";
				PRODUCT_NAME = "$(TARGET_NAME)";
			};
			name = Release;
		};
/* End XCBuildConfiguration section */

/* Begin XCConfigurationList section */
		8418388B1D8A9E3400F04E9E /* Build configuration list for PBXProject "BaseSwift-tien" */ = {
			isa = XCConfigurationList;
			buildConfigurations = (
				841838A01D8A9E3400F04E9E /* Debug */,
				841838A11D8A9E3400F04E9E /* Release */,
			);
			defaultConfigurationIsVisible = 0;
			defaultConfigurationName = Release;
		};
		841838A21D8A9E3400F04E9E /* Build configuration list for PBXNativeTarget "BaseSwift-tien" */ = {
			isa = XCConfigurationList;
			buildConfigurations = (
				841838A31D8A9E3400F04E9E /* Debug */,
				841838A41D8A9E3400F04E9E /* Release */,
			);
			defaultConfigurationIsVisible = 0;
		};
/* End XCConfigurationList section */
	};
	rootObject = 841838881D8A9E3400F04E9E /* Project object */;
}
